{
  "version": "3",
  "packages": {
    "specifiers": {
      "jsr:@core/unknownutil@^4.0.0": "jsr:@core/unknownutil@4.3.0",
      "jsr:@cosense/types@0.10": "jsr:@cosense/types@0.10.1",
      "jsr:@progfay/scrapbox-parser@9": "jsr:@progfay/scrapbox-parser@9.1.5",
      "jsr:@std/assert@1": "jsr:@std/assert@1.0.5",
      "jsr:@std/assert@^1.0.4": "jsr:@std/assert@1.0.5",
      "jsr:@std/async@1": "jsr:@std/async@1.0.5",
      "jsr:@std/async@^1.0.5": "jsr:@std/async@1.0.5",
      "jsr:@std/data-structures@^1.0.2": "jsr:@std/data-structures@1.0.4",
      "jsr:@std/encoding@1": "jsr:@std/encoding@1.0.5",
      "jsr:@std/fs@^1.0.3": "jsr:@std/fs@1.0.3",
      "jsr:@std/internal@^1.0.3": "jsr:@std/internal@1.0.3",
      "jsr:@std/json@^1.0.0": "jsr:@std/json@1.0.0",
      "jsr:@std/path@^1.0.4": "jsr:@std/path@1.0.6",
      "jsr:@std/streams@^1.0.0": "jsr:@std/streams@1.0.2",
      "jsr:@std/testing@1": "jsr:@std/testing@1.0.2",
      "jsr:@takker/md5@0.1": "jsr:@takker/md5@0.1.0",
      "npm:option-t@^49.1.0": "npm:option-t@49.1.0",
      "npm:socket.io-client@^4.7.5": "npm:socket.io-client@4.7.5"
    },
    "jsr": {
      "@core/unknownutil@4.3.0": {
        "integrity": "538a3687ffa81028e91d148818047df219663d0da671d906cecd165581ae55cc"
      },
      "@cosense/types@0.10.1": {
        "integrity": "13d2488a02c7b0b035a265bc3299affbdab1ea5b607516379685965cd37b2058"
      },
      "@progfay/scrapbox-parser@9.1.5": {
        "integrity": "729a086b6675dd4a216875757c918c6bbea329d6e35e410516a16bbd6c468369"
      },
      "@std/assert@1.0.5": {
        "integrity": "e37da8e4033490ce613eec4ac1d78dba1faf5b02a3f6c573a28f15365b9b440f",
        "dependencies": [
          "jsr:@std/internal@^1.0.3"
        ]
      },
      "@std/async@1.0.5": {
        "integrity": "31d68214bfbb31bd4c6022401d484e3964147c76c9220098baa703a39b6c2da6"
      },
      "@std/data-structures@1.0.4": {
        "integrity": "fa0e20c11eb9ba673417450915c750a0001405a784e2a4e0c3725031681684a0"
      },
      "@std/encoding@1.0.5": {
        "integrity": "ecf363d4fc25bd85bd915ff6733a7e79b67e0e7806334af15f4645c569fefc04"
      },
      "@std/fs@1.0.3": {
        "integrity": "3cb839b1360b0a42d8b367c3093bfe4071798e6694fa44cf1963e04a8edba4fe",
        "dependencies": [
          "jsr:@std/path@^1.0.4"
        ]
      },
      "@std/internal@1.0.3": {
        "integrity": "208e9b94a3d5649bd880e9ca38b885ab7651ab5b5303a56ed25de4755fb7b11e"
      },
      "@std/json@1.0.0": {
        "integrity": "985c1e544918d42e4e84072fc739ac4a19c3a5093292c99742ffcdd03fb6a268",
        "dependencies": [
          "jsr:@std/streams@^1.0.0"
        ]
      },
      "@std/path@1.0.6": {
        "integrity": "ab2c55f902b380cf28e0eec501b4906e4c1960d13f00e11cfbcd21de15f18fed"
      },
      "@std/streams@1.0.2": {
        "integrity": "187c3c875675221f5355807a735e51b0f8769caade2cbca6d7f4fa710ea4ace4"
      },
      "@std/testing@1.0.2": {
        "integrity": "9e8a7f4e26c219addabe7942d09c3450fa0a74e9662341961bc0ef502274dec3",
        "dependencies": [
          "jsr:@std/assert@^1.0.4",
          "jsr:@std/async@^1.0.5",
          "jsr:@std/data-structures@^1.0.2",
          "jsr:@std/fs@^1.0.3",
          "jsr:@std/internal@^1.0.3",
          "jsr:@std/path@^1.0.4"
        ]
      },
      "@takker/md5@0.1.0": {
        "integrity": "4c423d8247aadf7bcb1eb83c727bf28c05c21906e916517395d00aa157b6eae0"
      }
    },
    "npm": {
      "@socket.io/component-emitter@3.1.2": {
        "integrity": "sha512-9BCxFwvbGg/RsZK9tjXd8s4UcwR0MWeFQ1XEKIQVVvAGJyINdrqKMcTRyLoK8Rse1GjzLV9cwjWV1olXRWEXVA==",
        "dependencies": {}
      },
      "debug@4.3.6": {
        "integrity": "sha512-O/09Bd4Z1fBrU4VzkhFqVgpPzaGbw6Sm9FEkBT1A/YBXQFGuuSxa1dN2nxgxS34JmKXqYx8CZAwEVoJFImUXIg==",
        "dependencies": {
          "ms": "ms@2.1.2"
        }
      },
      "engine.io-client@6.5.4": {
        "integrity": "sha512-GeZeeRjpD2qf49cZQ0Wvh/8NJNfeXkXXcoGh+F77oEAgo9gUHwT1fCRxSNU+YEEaysOJTnsFHmM5oAcPy4ntvQ==",
        "dependencies": {
          "@socket.io/component-emitter": "@socket.io/component-emitter@3.1.2",
          "debug": "debug@4.3.6",
          "engine.io-parser": "engine.io-parser@5.2.3",
          "ws": "ws@8.17.1",
          "xmlhttprequest-ssl": "xmlhttprequest-ssl@2.0.0"
        }
      },
      "engine.io-parser@5.2.3": {
        "integrity": "sha512-HqD3yTBfnBxIrbnM1DoD6Pcq8NECnh8d4As1Qgh0z5Gg3jRRIqijury0CL3ghu/edArpUYiYqQiDUQBIs4np3Q==",
        "dependencies": {}
      },
      "ms@2.1.2": {
        "integrity": "sha512-sGkPx+VjMtmA6MX27oA4FBFELFCZZ4S4XqeGOXCv68tT+jb3vk/RyaKWP0PTKyWtmLSM0b+adUTEvbs1PEaH2w==",
        "dependencies": {}
      },
      "option-t@49.1.0": {
        "integrity": "sha512-K5o4+D8rSE1VcmfwrieRZWyShPxX27NEGuZPT11S4CbvjE73YUDR/sanKAYnhVRj6Hn1mKcjfhjhbOCD2ef3qg==",
        "dependencies": {}
      },
      "socket.io-client@4.7.5": {
        "integrity": "sha512-sJ/tqHOCe7Z50JCBCXrsY3I2k03iOiUe+tj1OmKeD2lXPiGH/RUCdTZFoqVyN7l1MnpIzPrGtLcijffmeouNlQ==",
        "dependencies": {
          "@socket.io/component-emitter": "@socket.io/component-emitter@3.1.2",
          "debug": "debug@4.3.6",
          "engine.io-client": "engine.io-client@6.5.4",
          "socket.io-parser": "socket.io-parser@4.2.4"
        }
      },
      "socket.io-parser@4.2.4": {
        "integrity": "sha512-/GbIKmo8ioc+NIWIhwdecY0ge+qVBSMdgxGygevmdHj24bsfgtCmcUUcQ5ZzcylGFHsN3k4HB4Cgkl96KVnuew==",
        "dependencies": {
          "@socket.io/component-emitter": "@socket.io/component-emitter@3.1.2",
          "debug": "debug@4.3.6"
        }
      },
      "ws@8.17.1": {
        "integrity": "sha512-6XQFvXTkbfUOZOKKILFG1PDK2NDQs4azKQl26T0YS5CxqWLgXajbPZ+h4gZekJyRqFU8pvnbAbbs/3TgRPy+GQ==",
        "dependencies": {}
      },
      "xmlhttprequest-ssl@2.0.0": {
        "integrity": "sha512-QKxVRxiRACQcVuQEYFsI1hhkrMlrXHPegbbd1yn9UHOmRxY+si12nQYzri3vbzt8VdTTRviqcKxcyllFas5z2A==",
        "dependencies": {}
      }
    }
  },
  "remote": {},
  "workspace": {
    "dependencies": [
      "jsr:@core/unknownutil@^4.0.0",
      "jsr:@cosense/types@0.10",
      "jsr:@progfay/scrapbox-parser@9",
      "jsr:@std/assert@1",
      "jsr:@std/async@1",
      "jsr:@std/encoding@1",
      "jsr:@std/json@^1.0.0",
      "jsr:@std/testing@1",
      "jsr:@takker/md5@0.1",
      "npm:option-t@^49.1.0",
      "npm:socket.io-client@^4.7.5"
    ]
  }
}
