{
  "version": "3",
  "packages": {
    "specifiers": {
      "jsr:@core/unknownutil@^4.0.0": "jsr:@core/unknownutil@4.3.0",
      "jsr:@cosense/types@0.10": "jsr:@cosense/types@0.10.1",
      "jsr:@progfay/scrapbox-parser@9": "jsr:@progfay/scrapbox-parser@9.1.5",
      "jsr:@std/assert@1": "jsr:@std/assert@1.0.6",
      "jsr:@std/assert@^1.0.6": "jsr:@std/assert@1.0.6",
      "jsr:@std/async@1": "jsr:@std/async@1.0.5",
      "jsr:@std/async@^1.0.5": "jsr:@std/async@1.0.5",
      "jsr:@std/bytes@^1.0.2": "jsr:@std/bytes@1.0.2",
      "jsr:@std/data-structures@^1.0.4": "jsr:@std/data-structures@1.0.4",
      "jsr:@std/encoding@1": "jsr:@std/encoding@1.0.5",
      "jsr:@std/fs@^1.0.4": "jsr:@std/fs@1.0.4",
      "jsr:@std/internal@^1.0.4": "jsr:@std/internal@1.0.4",
      "jsr:@std/internal@^1.0.5": "jsr:@std/internal@1.0.5",
      "jsr:@std/json@^1.0.0": "jsr:@std/json@1.0.1",
      "jsr:@std/path@^1.0.6": "jsr:@std/path@1.0.6",
      "jsr:@std/streams@^1.0.7": "jsr:@std/streams@1.0.7",
      "jsr:@std/testing@1": "jsr:@std/testing@1.0.3",
      "jsr:@takker/md5@0.1": "jsr:@takker/md5@0.1.0",
      "npm:option-t@^50.0.0": "npm:option-t@50.0.0",
      "npm:socket.io-client@^4.7.5": "npm:socket.io-client@4.8.1"
    },
    "jsr": {
      "@core/unknownutil@4.3.0": {
        "integrity": "538a3687ffa81028e91d148818047df219663d0da671d906cecd165581ae55cc"
      },
      "@cosense/types@0.10.1": {
        "integrity": "13d2488a02c7b0b035a265bc3299affbdab1ea5b607516379685965cd37b2058"
      },
      "@progfay/scrapbox-parser@9.1.5": {
        "integrity": "729a086b6675dd4a216875757c918c6bbea329d6e35e410516a16bbd6c468369"
      },
      "@std/assert@1.0.6": {
        "integrity": "1904c05806a25d94fe791d6d883b685c9e2dcd60e4f9fc30f4fc5cf010c72207",
        "dependencies": [
          "jsr:@std/internal@^1.0.4"
        ]
      },
      "@std/assert@1.0.7": {
        "integrity": "64ce9fac879e0b9f3042a89b3c3f8ccfc9c984391af19e2087513a79d73e28c3",
        "dependencies": [
          "jsr:@std/internal@^1.0.5"
        ]
      },
      "@std/async@1.0.5": {
        "integrity": "31d68214bfbb31bd4c6022401d484e3964147c76c9220098baa703a39b6c2da6"
      },
      "@std/async@1.0.6": {
        "integrity": "6d262156dd35c4a72ee1a2f8679be40264f370cfb92e2e13d4eca2ae05e16f34"
      },
      "@std/async@1.0.7": {
        "integrity": "f4fadc0124432e37cba11e8b3880164661a664de00a65118d976848f32f96290"
      },
      "@std/bytes@1.0.2": {
        "integrity": "fbdee322bbd8c599a6af186a1603b3355e59a5fb1baa139f8f4c3c9a1b3e3d57"
      },
      "@std/data-structures@1.0.4": {
        "integrity": "fa0e20c11eb9ba673417450915c750a0001405a784e2a4e0c3725031681684a0"
      },
      "@std/encoding@1.0.5": {
        "integrity": "ecf363d4fc25bd85bd915ff6733a7e79b67e0e7806334af15f4645c569fefc04"
      },
      "@std/fs@1.0.4": {
        "integrity": "2907d32d8d1d9e540588fd5fe0ec21ee638134bd51df327ad4e443aaef07123c",
        "dependencies": [
          "jsr:@std/path@^1.0.6"
        ]
      },
      "@std/internal@1.0.4": {
        "integrity": "62e8e4911527e5e4f307741a795c0b0a9e6958d0b3790716ae71ce085f755422"
      },
      "@std/internal@1.0.5": {
        "integrity": "54a546004f769c1ac9e025abd15a76b6671ddc9687e2313b67376125650dc7ba"
      },
      "@std/json@1.0.1": {
        "integrity": "1f0f70737e8827f9acca086282e903677bc1bb0c8ffcd1f21bca60039563049f",
        "dependencies": [
          "jsr:@std/streams@^1.0.7"
        ]
      },
      "@std/path@1.0.6": {
        "integrity": "ab2c55f902b380cf28e0eec501b4906e4c1960d13f00e11cfbcd21de15f18fed"
      },
      "@std/streams@1.0.7": {
        "integrity": "1a93917ca0c58c01b2bfb93647189229b1702677f169b6fb61ad6241cd2e499b",
        "dependencies": [
          "jsr:@std/bytes@^1.0.2"
        ]
      },
      "@std/testing@1.0.3": {
        "integrity": "f98c2bee53860a5916727d7e7d3abe920dd6f9edace022e2d059f00d05c2cf42",
        "dependencies": [
          "jsr:@std/assert@^1.0.6",
          "jsr:@std/async@^1.0.5",
          "jsr:@std/data-structures@^1.0.4",
          "jsr:@std/fs@^1.0.4",
          "jsr:@std/internal@^1.0.4",
          "jsr:@std/path@^1.0.6"
        ]
      },
      "@takker/md5@0.1.0": {
        "integrity": "4c423d8247aadf7bcb1eb83c727bf28c05c21906e916517395d00aa157b6eae0"
      }
    },
    "npm": {
      "@socket.io/component-emitter@3.1.2": {
        "integrity": "sha512-9BCxFwvbGg/RsZK9tjXd8s4UcwR0MWeFQ1XEKIQVVvAGJyINdrqKMcTRyLoK8Rse1GjzLV9cwjWV1olXRWEXVA==",
        "dependencies": {}
      },
      "debug@4.3.7": {
        "integrity": "sha512-Er2nc/H7RrMXZBFCEim6TCmMk02Z8vLC2Rbi1KEBggpo0fS6l0S1nnapwmIi3yW/+GOJap1Krg4w0Hg80oCqgQ==",
        "dependencies": {
          "ms": "ms@2.1.3"
        }
      },
      "engine.io-client@6.6.2": {
        "integrity": "sha512-TAr+NKeoVTjEVW8P3iHguO1LO6RlUz9O5Y8o7EY0fU+gY1NYqas7NN3slpFtbXEsLMHk0h90fJMfKjRkQ0qUIw==",
        "dependencies": {
          "@socket.io/component-emitter": "@socket.io/component-emitter@3.1.2",
          "debug": "debug@4.3.7",
          "engine.io-parser": "engine.io-parser@5.2.3",
          "ws": "ws@8.17.1",
          "xmlhttprequest-ssl": "xmlhttprequest-ssl@2.1.2"
        }
      },
      "engine.io-parser@5.2.3": {
        "integrity": "sha512-HqD3yTBfnBxIrbnM1DoD6Pcq8NECnh8d4As1Qgh0z5Gg3jRRIqijury0CL3ghu/edArpUYiYqQiDUQBIs4np3Q==",
        "dependencies": {}
      },
      "ms@2.1.3": {
        "integrity": "sha512-6FlzubTLZG3J2a/NVCAleEhjzq5oxgHyaCU9yYXvcLsvoVaHJq/s5xXI6/XXP6tz7R9xAOtHnSO/tXtF3WRTlA==",
        "dependencies": {}
      },
      "option-t@50.0.0": {
        "integrity": "sha512-zHw9Et+SfAx3Xtl9LagyAjyyzC3pNONEinTAOmZN2IKL0dYa6dthjzwuSRueJ2gLkaTiinQjRDGo/1mKSl70hg==",
        "dependencies": {}
      },
      "socket.io-client@4.8.1": {
        "integrity": "sha512-hJVXfu3E28NmzGk8o1sHhN3om52tRvwYeidbj7xKy2eIIse5IoKX3USlS6Tqt3BHAtflLIkCQBkzVrEEfWUyYQ==",
        "dependencies": {
          "@socket.io/component-emitter": "@socket.io/component-emitter@3.1.2",
          "debug": "debug@4.3.7",
          "engine.io-client": "engine.io-client@6.6.2",
          "socket.io-parser": "socket.io-parser@4.2.4"
        }
      },
      "socket.io-parser@4.2.4": {
        "integrity": "sha512-/GbIKmo8ioc+NIWIhwdecY0ge+qVBSMdgxGygevmdHj24bsfgtCmcUUcQ5ZzcylGFHsN3k4HB4Cgkl96KVnuew==",
        "dependencies": {
          "@socket.io/component-emitter": "@socket.io/component-emitter@3.1.2",
          "debug": "debug@4.3.7"
        }
      },
      "ws@8.17.1": {
        "integrity": "sha512-6XQFvXTkbfUOZOKKILFG1PDK2NDQs4azKQl26T0YS5CxqWLgXajbPZ+h4gZekJyRqFU8pvnbAbbs/3TgRPy+GQ==",
        "dependencies": {}
      },
      "xmlhttprequest-ssl@2.1.2": {
        "integrity": "sha512-TEU+nJVUUnA4CYJFLvK5X9AOeH4KvDvhIfm0vV1GaQRtchnG0hgK5p8hw/xjv8cunWYCsiPCSDzObPyhEwq3KQ==",
        "dependencies": {}
      }
    }
  },
  "remote": {},
  "workspace": {
    "dependencies": [
      "jsr:@core/unknownutil@^4.0.0",
      "jsr:@cosense/types@0.10",
      "jsr:@progfay/scrapbox-parser@9",
      "jsr:@std/assert@1",
      "jsr:@std/async@1",
      "jsr:@std/encoding@1",
      "jsr:@std/json@^1.0.0",
      "jsr:@std/testing@1",
      "jsr:@takker/md5@0.1",
      "npm:option-t@^50.0.0",
      "npm:socket.io-client@^4.7.5"
    ]
  }
}
